
Microsoft Visual Studio Solution File, Format Version 12.00
# Visual Studio Version 17
VisualStudioVersion = 17.6.33815.320
MinimumVisualStudioVersion = 10.0.40219.1
Project("{FAE04EC0-301F-11D3-BF4B-00C04F79EFBC}") = "MagicDownload", "MagicDownload\MagicDownload.csproj", "{149BA12D-2608-47E5-88FA-2346CAF52894}"
EndProject
Project("{FAE04EC0-301F-11D3-BF4B-00C04F79EFBC}") = "TikTokDownloader", "TikTokDownloader\TikTokDownloader.csproj", "{671D132B-E6CD-4865-8D35-A6406225D6CB}"
EndProject
Global
	GlobalSection(SolutionConfigurationPlatforms) = preSolution
		Debug|Any CPU = Debug|Any CPU
		Release|Any CPU = Release|Any CPU
	EndGlobalSection
	GlobalSection(ProjectConfigurationPlatforms) = postSolution
		{149BA12D-2608-47E5-88FA-2346CAF52894}.Debug|Any CPU.ActiveCfg = Debug|Any CPU
		{149BA12D-2608-47E5-88FA-2346CAF52894}.Debug|Any CPU.Build.0 = Debug|Any CPU
		{149BA12D-2608-47E5-88FA-2346CAF52894}.Release|Any CPU.ActiveCfg = Release|Any CPU
		{149BA12D-2608-47E5-88FA-2346CAF52894}.Release|Any CPU.Build.0 = Release|Any CPU
		{671D132B-E6CD-4865-8D35-A6406225D6CB}.Debug|Any CPU.ActiveCfg = Debug|Any CPU
		{671D132B-E6CD-4865-8D35-A6406225D6CB}.Debug|Any CPU.Build.0 = Debug|Any CPU
		{671D132B-E6CD-4865-8D35-A6406225D6CB}.Release|Any CPU.ActiveCfg = Release|Any CPU
		{671D132B-E6CD-4865-8D35-A6406225D6CB}.Release|Any CPU.Build.0 = Release|Any CPU
	EndGlobalSection
	GlobalSection(SolutionProperties) = preSolution
		HideSolutionNode = FALSE
	EndGlobalSection
	GlobalSection(ExtensibilityGlobals) = postSolution
		SolutionGuid = {8CDC1FE1-AED0-4F22-9079-61C180D43D0C}
	EndGlobalSection
EndGlobal
